
Microsoft Visual Studio Solution File, Format Version 12.00
# Visual Studio Version 17
VisualStudioVersion = 17.6.33801.468
MinimumVisualStudioVersion = 10.0.40219.1
Project("{9A19103F-16F7-4668-BE54-9A1E7A4F7556}") = "Series_101_1_0-csharp", "csharp101\Series_101_1_0-csharp.csproj", "{8BFEC676-2EDD-4BB2-B974-272D17A32E42}"
EndProject
Project("{9A19103F-16F7-4668-BE54-9A1E7A4F7556}") = "Series_101_2_1-Linq", "csharp101-Linq\Series_101_2_1-Linq.csproj", "{2E8ACD9C-395E-4DA7-945B-3A596C54F127}"
EndProject
Project("{9A19103F-16F7-4668-BE54-9A1E7A4F7556}") = "Series_101_2_2-AsynchronousPrograming", "csharp101-AsynchronousPrograming\Series_101_2_2-AsynchronousPrograming.csproj", "{D7F1ED50-8B55-44CC-B442-331C24514ED8}"
EndProject
Project("{9A19103F-16F7-4668-BE54-9A1E7A4F7556}") = "Series_101_1_1-BankOperationsLibrary", "BankOperationsLibrary\Series_101_1_1-BankOperationsLibrary.csproj", "{F9498A04-4242-4BAD-BFA4-027B11FDFDDA}"
EndProject
Project("{9A19103F-16F7-4668-BE54-9A1E7A4F7556}") = "Series_101_3_0-BankingTests", "BankingTests\Series_101_3_0-BankingTests.csproj", "{6D9D44EC-2BD0-40C6-A7F7-C38AF55C58C1}"
EndProject
Project("{9A19103F-16F7-4668-BE54-9A1E7A4F7556}") = "Series_101_4_0-aspnet", "Series_101_4_0-aspnet\Series_101_4_0-aspnet.csproj", "{EBF2FBDB-65EC-4403-B9B8-4B6642863D15}"
EndProject
Project("{9A19103F-16F7-4668-BE54-9A1E7A4F7556}") = "Series_101_5_0-webapi", "Series_101_5_0-webapi\Series_101_5_0-webapi.csproj", "{4F1B355E-5FBB-4425-8995-A4272486E957}"
EndProject
Project("{9A19103F-16F7-4668-BE54-9A1E7A4F7556}") = "Series_101_6_0-Blazor", "Series_101_6_0-Blazor\Series_101_6_0-Blazor.csproj", "{186D4606-E3B4-4E96-A2A1-590D8D599E94}"
EndProject
Project("{2150E333-8FDC-42A3-9474-1A3956D46DE8}") = "Solution Items", "Solution Items", "{B1560A67-0A25-4C86-8419-7AAF02FCC0A1}"
	ProjectSection(SolutionItems) = preProject
		README.md = README.md
	EndProjectSection
EndProject
Project("{9A19103F-16F7-4668-BE54-9A1E7A4F7556}") = "Series_101_7_0-EntityFramework", "Series_101_7_0-EntityFramework\Series_101_7_0-EntityFramework.csproj", "{5563EB1C-03BD-4638-8027-704C20DD211A}"
EndProject
Project("{9A19103F-16F7-4668-BE54-9A1E7A4F7556}") = "Series_101_7_1-EntityFramework", "Series_101_7_1-EntityFramework\Series_101_7_1-EntityFramework.csproj", "{C292C884-B318-4EC7-9F49-A3D2899B2F57}"
EndProject
Project("{FAE04EC0-301F-11D3-BF4B-00C04F79EFBC}") = "Series_101_7_2_EntityFramework", "Series_101_7_2_EntityFramework\Series_101_7_2_EntityFramework.csproj", "{0C872DA4-559D-435E-B88F-68D03465C7F0}"
EndProject
Global
	GlobalSection(SolutionConfigurationPlatforms) = preSolution
		Debug|Any CPU = Debug|Any CPU
		Debug|x64 = Debug|x64
		Release|Any CPU = Release|Any CPU
		Release|x64 = Release|x64
	EndGlobalSection
	GlobalSection(ProjectConfigurationPlatforms) = postSolution
		{8BFEC676-2EDD-4BB2-B974-272D17A32E42}.Debug|Any CPU.ActiveCfg = Debug|Any CPU
		{8BFEC676-2EDD-4BB2-B974-272D17A32E42}.Debug|Any CPU.Build.0 = Debug|Any CPU
		{8BFEC676-2EDD-4BB2-B974-272D17A32E42}.Debug|x64.ActiveCfg = Debug|x64
		{8BFEC676-2EDD-4BB2-B974-272D17A32E42}.Debug|x64.Build.0 = Debug|x64
		{8BFEC676-2EDD-4BB2-B974-272D17A32E42}.Release|Any CPU.ActiveCfg = Release|Any CPU
		{8BFEC676-2EDD-4BB2-B974-272D17A32E42}.Release|Any CPU.Build.0 = Release|Any CPU
		{8BFEC676-2EDD-4BB2-B974-272D17A32E42}.Release|x64.ActiveCfg = Release|x64
		{8BFEC676-2EDD-4BB2-B974-272D17A32E42}.Release|x64.Build.0 = Release|x64
		{2E8ACD9C-395E-4DA7-945B-3A596C54F127}.Debug|Any CPU.ActiveCfg = Debug|Any CPU
		{2E8ACD9C-395E-4DA7-945B-3A596C54F127}.Debug|Any CPU.Build.0 = Debug|Any CPU
		{2E8ACD9C-395E-4DA7-945B-3A596C54F127}.Debug|x64.ActiveCfg = Debug|x64
		{2E8ACD9C-395E-4DA7-945B-3A596C54F127}.Debug|x64.Build.0 = Debug|x64
		{2E8ACD9C-395E-4DA7-945B-3A596C54F127}.Release|Any CPU.ActiveCfg = Release|Any CPU
		{2E8ACD9C-395E-4DA7-945B-3A596C54F127}.Release|Any CPU.Build.0 = Release|Any CPU
		{2E8ACD9C-395E-4DA7-945B-3A596C54F127}.Release|x64.ActiveCfg = Release|x64
		{2E8ACD9C-395E-4DA7-945B-3A596C54F127}.Release|x64.Build.0 = Release|x64
		{D7F1ED50-8B55-44CC-B442-331C24514ED8}.Debug|Any CPU.ActiveCfg = Debug|Any CPU
		{D7F1ED50-8B55-44CC-B442-331C24514ED8}.Debug|Any CPU.Build.0 = Debug|Any CPU
		{D7F1ED50-8B55-44CC-B442-331C24514ED8}.Debug|x64.ActiveCfg = Debug|x64
		{D7F1ED50-8B55-44CC-B442-331C24514ED8}.Debug|x64.Build.0 = Debug|x64
		{D7F1ED50-8B55-44CC-B442-331C24514ED8}.Release|Any CPU.ActiveCfg = Release|Any CPU
		{D7F1ED50-8B55-44CC-B442-331C24514ED8}.Release|Any CPU.Build.0 = Release|Any CPU
		{D7F1ED50-8B55-44CC-B442-331C24514ED8}.Release|x64.ActiveCfg = Release|x64
		{D7F1ED50-8B55-44CC-B442-331C24514ED8}.Release|x64.Build.0 = Release|x64
		{F9498A04-4242-4BAD-BFA4-027B11FDFDDA}.Debug|Any CPU.ActiveCfg = Debug|Any CPU
		{F9498A04-4242-4BAD-BFA4-027B11FDFDDA}.Debug|Any CPU.Build.0 = Debug|Any CPU
		{F9498A04-4242-4BAD-BFA4-027B11FDFDDA}.Debug|x64.ActiveCfg = Debug|x64
		{F9498A04-4242-4BAD-BFA4-027B11FDFDDA}.Debug|x64.Build.0 = Debug|x64
		{F9498A04-4242-4BAD-BFA4-027B11FDFDDA}.Release|Any CPU.ActiveCfg = Release|Any CPU
		{F9498A04-4242-4BAD-BFA4-027B11FDFDDA}.Release|Any CPU.Build.0 = Release|Any CPU
		{F9498A04-4242-4BAD-BFA4-027B11FDFDDA}.Release|x64.ActiveCfg = Release|x64
		{F9498A04-4242-4BAD-BFA4-027B11FDFDDA}.Release|x64.Build.0 = Release|x64
		{6D9D44EC-2BD0-40C6-A7F7-C38AF55C58C1}.Debug|Any CPU.ActiveCfg = Debug|Any CPU
		{6D9D44EC-2BD0-40C6-A7F7-C38AF55C58C1}.Debug|Any CPU.Build.0 = Debug|Any CPU
		{6D9D44EC-2BD0-40C6-A7F7-C38AF55C58C1}.Debug|x64.ActiveCfg = Debug|x64
		{6D9D44EC-2BD0-40C6-A7F7-C38AF55C58C1}.Debug|x64.Build.0 = Debug|x64
		{6D9D44EC-2BD0-40C6-A7F7-C38AF55C58C1}.Release|Any CPU.ActiveCfg = Release|Any CPU
		{6D9D44EC-2BD0-40C6-A7F7-C38AF55C58C1}.Release|Any CPU.Build.0 = Release|Any CPU
		{6D9D44EC-2BD0-40C6-A7F7-C38AF55C58C1}.Release|x64.ActiveCfg = Release|x64
		{6D9D44EC-2BD0-40C6-A7F7-C38AF55C58C1}.Release|x64.Build.0 = Release|x64
		{EBF2FBDB-65EC-4403-B9B8-4B6642863D15}.Debug|Any CPU.ActiveCfg = Debug|Any CPU
		{EBF2FBDB-65EC-4403-B9B8-4B6642863D15}.Debug|Any CPU.Build.0 = Debug|Any CPU
		{EBF2FBDB-65EC-4403-B9B8-4B6642863D15}.Debug|x64.ActiveCfg = Debug|x64
		{EBF2FBDB-65EC-4403-B9B8-4B6642863D15}.Debug|x64.Build.0 = Debug|x64
		{EBF2FBDB-65EC-4403-B9B8-4B6642863D15}.Release|Any CPU.ActiveCfg = Release|Any CPU
		{EBF2FBDB-65EC-4403-B9B8-4B6642863D15}.Release|Any CPU.Build.0 = Release|Any CPU
		{EBF2FBDB-65EC-4403-B9B8-4B6642863D15}.Release|x64.ActiveCfg = Release|x64
		{EBF2FBDB-65EC-4403-B9B8-4B6642863D15}.Release|x64.Build.0 = Release|x64
		{4F1B355E-5FBB-4425-8995-A4272486E957}.Debug|Any CPU.ActiveCfg = Debug|Any CPU
		{4F1B355E-5FBB-4425-8995-A4272486E957}.Debug|Any CPU.Build.0 = Debug|Any CPU
		{4F1B355E-5FBB-4425-8995-A4272486E957}.Debug|x64.ActiveCfg = Debug|x64
		{4F1B355E-5FBB-4425-8995-A4272486E957}.Debug|x64.Build.0 = Debug|x64
		{4F1B355E-5FBB-4425-8995-A4272486E957}.Release|Any CPU.ActiveCfg = Release|Any CPU
		{4F1B355E-5FBB-4425-8995-A4272486E957}.Release|Any CPU.Build.0 = Release|Any CPU
		{4F1B355E-5FBB-4425-8995-A4272486E957}.Release|x64.ActiveCfg = Release|x64
		{4F1B355E-5FBB-4425-8995-A4272486E957}.Release|x64.Build.0 = Release|x64
		{186D4606-E3B4-4E96-A2A1-590D8D599E94}.Debug|Any CPU.ActiveCfg = Debug|Any CPU
		{186D4606-E3B4-4E96-A2A1-590D8D599E94}.Debug|Any CPU.Build.0 = Debug|Any CPU
		{186D4606-E3B4-4E96-A2A1-590D8D599E94}.Debug|x64.ActiveCfg = Debug|x64
		{186D4606-E3B4-4E96-A2A1-590D8D599E94}.Debug|x64.Build.0 = Debug|x64
		{186D4606-E3B4-4E96-A2A1-590D8D599E94}.Release|Any CPU.ActiveCfg = Release|Any CPU
		{186D4606-E3B4-4E96-A2A1-590D8D599E94}.Release|Any CPU.Build.0 = Release|Any CPU
		{186D4606-E3B4-4E96-A2A1-590D8D599E94}.Release|x64.ActiveCfg = Release|x64
		{186D4606-E3B4-4E96-A2A1-590D8D599E94}.Release|x64.Build.0 = Release|x64
		{5563EB1C-03BD-4638-8027-704C20DD211A}.Debug|Any CPU.ActiveCfg = Debug|Any CPU
		{5563EB1C-03BD-4638-8027-704C20DD211A}.Debug|Any CPU.Build.0 = Debug|Any CPU
		{5563EB1C-03BD-4638-8027-704C20DD211A}.Debug|x64.ActiveCfg = Debug|x64
		{5563EB1C-03BD-4638-8027-704C20DD211A}.Debug|x64.Build.0 = Debug|x64
		{5563EB1C-03BD-4638-8027-704C20DD211A}.Release|Any CPU.ActiveCfg = Release|Any CPU
		{5563EB1C-03BD-4638-8027-704C20DD211A}.Release|Any CPU.Build.0 = Release|Any CPU
		{5563EB1C-03BD-4638-8027-704C20DD211A}.Release|x64.ActiveCfg = Release|x64
		{5563EB1C-03BD-4638-8027-704C20DD211A}.Release|x64.Build.0 = Release|x64
		{C292C884-B318-4EC7-9F49-A3D2899B2F57}.Debug|Any CPU.ActiveCfg = Debug|Any CPU
		{C292C884-B318-4EC7-9F49-A3D2899B2F57}.Debug|Any CPU.Build.0 = Debug|Any CPU
		{C292C884-B318-4EC7-9F49-A3D2899B2F57}.Debug|x64.ActiveCfg = Debug|x64
		{C292C884-B318-4EC7-9F49-A3D2899B2F57}.Debug|x64.Build.0 = Debug|x64
		{C292C884-B318-4EC7-9F49-A3D2899B2F57}.Release|Any CPU.ActiveCfg = Release|Any CPU
		{C292C884-B318-4EC7-9F49-A3D2899B2F57}.Release|Any CPU.Build.0 = Release|Any CPU
		{C292C884-B318-4EC7-9F49-A3D2899B2F57}.Release|x64.ActiveCfg = Release|x64
		{C292C884-B318-4EC7-9F49-A3D2899B2F57}.Release|x64.Build.0 = Release|x64
		{0C872DA4-559D-435E-B88F-68D03465C7F0}.Debug|Any CPU.ActiveCfg = Debug|Any CPU
		{0C872DA4-559D-435E-B88F-68D03465C7F0}.Debug|Any CPU.Build.0 = Debug|Any CPU
		{0C872DA4-559D-435E-B88F-68D03465C7F0}.Debug|x64.ActiveCfg = Debug|Any CPU
		{0C872DA4-559D-435E-B88F-68D03465C7F0}.Debug|x64.Build.0 = Debug|Any CPU
		{0C872DA4-559D-435E-B88F-68D03465C7F0}.Release|Any CPU.ActiveCfg = Release|Any CPU
		{0C872DA4-559D-435E-B88F-68D03465C7F0}.Release|Any CPU.Build.0 = Release|Any CPU
		{0C872DA4-559D-435E-B88F-68D03465C7F0}.Release|x64.ActiveCfg = Release|Any CPU
		{0C872DA4-559D-435E-B88F-68D03465C7F0}.Release|x64.Build.0 = Release|Any CPU
	EndGlobalSection
	GlobalSection(SolutionProperties) = preSolution
		HideSolutionNode = FALSE
	EndGlobalSection
	GlobalSection(ExtensibilityGlobals) = postSolution
		SolutionGuid = {8DD46BE8-C540-4DA9-943C-17BDDC84E912}
	EndGlobalSection
EndGlobal
